
Microsoft Visual Studio Solution File, Format Version 12.00
# Visual Studio 15
VisualStudioVersion = 15.0.27130.2010
MinimumVisualStudioVersion = 15.0.26124.0
Project("{FAE04EC0-301F-11D3-BF4B-00C04F79EFBC}") = "Walawren.Grappnel.Website.Tests", "Walawren.Grappnel.Website.Tests\Walawren.Grappnel.Website.Tests.csproj", "{869122AE-EC3E-4F86-98B3-C6EADD69FA28}"
EndProject
Project("{FAE04EC0-301F-11D3-BF4B-00C04F79EFBC}") = "Walawren.Grappnel.Website", "Walawren.Grappnel.Website\Walawren.Grappnel.Website.csproj", "{8FA6B2D0-176C-449B-A231-B4649427DDCC}"
EndProject
Global
	GlobalSection(SolutionConfigurationPlatforms) = preSolution
		Debug|Any CPU = Debug|Any CPU
		Debug|x64 = Debug|x64
		Debug|x86 = Debug|x86
		Release|Any CPU = Release|Any CPU
		Release|x64 = Release|x64
		Release|x86 = Release|x86
	EndGlobalSection
	GlobalSection(SolutionProperties) = preSolution
		HideSolutionNode = FALSE
	EndGlobalSection
	GlobalSection(ProjectConfigurationPlatforms) = postSolution
		{869122AE-EC3E-4F86-98B3-C6EADD69FA28}.Debug|Any CPU.ActiveCfg = Debug|Any CPU
		{869122AE-EC3E-4F86-98B3-C6EADD69FA28}.Debug|Any CPU.Build.0 = Debug|Any CPU
		{869122AE-EC3E-4F86-98B3-C6EADD69FA28}.Debug|x64.ActiveCfg = Debug|x64
		{869122AE-EC3E-4F86-98B3-C6EADD69FA28}.Debug|x64.Build.0 = Debug|x64
		{869122AE-EC3E-4F86-98B3-C6EADD69FA28}.Debug|x86.ActiveCfg = Debug|x86
		{869122AE-EC3E-4F86-98B3-C6EADD69FA28}.Debug|x86.Build.0 = Debug|x86
		{869122AE-EC3E-4F86-98B3-C6EADD69FA28}.Release|Any CPU.ActiveCfg = Release|Any CPU
		{869122AE-EC3E-4F86-98B3-C6EADD69FA28}.Release|Any CPU.Build.0 = Release|Any CPU
		{869122AE-EC3E-4F86-98B3-C6EADD69FA28}.Release|x64.ActiveCfg = Release|x64
		{869122AE-EC3E-4F86-98B3-C6EADD69FA28}.Release|x64.Build.0 = Release|x64
		{869122AE-EC3E-4F86-98B3-C6EADD69FA28}.Release|x86.ActiveCfg = Release|x86
		{869122AE-EC3E-4F86-98B3-C6EADD69FA28}.Release|x86.Build.0 = Release|x86
		{8FA6B2D0-176C-449B-A231-B4649427DDCC}.Debug|Any CPU.ActiveCfg = Debug|Any CPU
		{8FA6B2D0-176C-449B-A231-B4649427DDCC}.Debug|Any CPU.Build.0 = Debug|Any CPU
		{8FA6B2D0-176C-449B-A231-B4649427DDCC}.Debug|x64.ActiveCfg = Debug|x64
		{8FA6B2D0-176C-449B-A231-B4649427DDCC}.Debug|x64.Build.0 = Debug|x64
		{8FA6B2D0-176C-449B-A231-B4649427DDCC}.Debug|x86.ActiveCfg = Debug|x86
		{8FA6B2D0-176C-449B-A231-B4649427DDCC}.Debug|x86.Build.0 = Debug|x86
		{8FA6B2D0-176C-449B-A231-B4649427DDCC}.Release|Any CPU.ActiveCfg = Release|Any CPU
		{8FA6B2D0-176C-449B-A231-B4649427DDCC}.Release|Any CPU.Build.0 = Release|Any CPU
		{8FA6B2D0-176C-449B-A231-B4649427DDCC}.Release|x64.ActiveCfg = Release|x64
		{8FA6B2D0-176C-449B-A231-B4649427DDCC}.Release|x64.Build.0 = Release|x64
		{8FA6B2D0-176C-449B-A231-B4649427DDCC}.Release|x86.ActiveCfg = Release|x86
		{8FA6B2D0-176C-449B-A231-B4649427DDCC}.Release|x86.Build.0 = Release|x86
	EndGlobalSection
EndGlobal
